{
  "name": "bot",
  "version": "0.0.1",
  "lockfileVersion": 2,
  "requires": true,
  "packages": {
    "": {
      "name": "bot",
      "version": "0.0.1",
      "license": "ISC",
      "dependencies": {
        "bot.js": "^0.0.1"
      }
    },
    "node_modules/bot.js": {
      "version": "0.0.1",
      "resolved": "https://registry.npmjs.org/bot.js/-/bot.js-0.0.1.tgz",
      "integrity": "sha512-5LqCAdZtokkHNkSOAUNH6vC18KASL9SifFRpmjCWzjAx2sbW7fmWoKiXsaUIhOh/+hmFPLUXNTE8Oa20/tjbMw=="
    }
  },
  "dependencies": {
    "bot.js": {
      "version": "0.0.1",
      "resolved": "https://registry.npmjs.org/bot.js/-/bot.js-0.0.1.tgz",
      "integrity": "sha512-5LqCAdZtokkHNkSOAUNH6vC18KASL9SifFRpmjCWzjAx2sbW7fmWoKiXsaUIhOh/+hmFPLUXNTE8Oa20/tjbMw=="
    }
  }
}
